
Microsoft Visual Studio Solution File, Format Version 12.00
# Visual Studio 15
VisualStudioVersion = 15.0.28307.1267
MinimumVisualStudioVersion = 10.0.40219.1
Project("{F184B08F-C81C-45F6-A57F-5ABD9991F28F}") = "AssessmentManager", "AssessmentManager\AssessmentManager.vbproj", "{711EC0E4-EA52-44A6-BD9F-7A00C133CD6C}"
EndProject
Project("{54435603-DBB4-11D2-8724-00A0C9A8B90C}") = "AssessmentManagerSetup", "AssessmentManagerSetup\AssessmentManagerSetup.vdproj", "{847BA45C-6BD5-4E6B-97EA-0100BB992757}"
EndProject
Global
	GlobalSection(SolutionConfigurationPlatforms) = preSolution
		Debug|Any CPU = Debug|Any CPU
		Debug|x64 = Debug|x64
		Release|Any CPU = Release|Any CPU
		Release|x64 = Release|x64
	EndGlobalSection
	GlobalSection(ProjectConfigurationPlatforms) = postSolution
		{711EC0E4-EA52-44A6-BD9F-7A00C133CD6C}.Debug|Any CPU.ActiveCfg = Debug|Any CPU
		{711EC0E4-EA52-44A6-BD9F-7A00C133CD6C}.Debug|Any CPU.Build.0 = Debug|Any CPU
		{711EC0E4-EA52-44A6-BD9F-7A00C133CD6C}.Debug|x64.ActiveCfg = Debug|Any CPU
		{711EC0E4-EA52-44A6-BD9F-7A00C133CD6C}.Debug|x64.Build.0 = Debug|Any CPU
		{711EC0E4-EA52-44A6-BD9F-7A00C133CD6C}.Release|Any CPU.ActiveCfg = Release|Any CPU
		{711EC0E4-EA52-44A6-BD9F-7A00C133CD6C}.Release|Any CPU.Build.0 = Release|Any CPU
		{711EC0E4-EA52-44A6-BD9F-7A00C133CD6C}.Release|x64.ActiveCfg = Release|x64
		{711EC0E4-EA52-44A6-BD9F-7A00C133CD6C}.Release|x64.Build.0 = Release|x64
		{847BA45C-6BD5-4E6B-97EA-0100BB992757}.Debug|Any CPU.ActiveCfg = Debug
		{847BA45C-6BD5-4E6B-97EA-0100BB992757}.Debug|Any CPU.Build.0 = Debug
		{847BA45C-6BD5-4E6B-97EA-0100BB992757}.Debug|x64.ActiveCfg = Debug
		{847BA45C-6BD5-4E6B-97EA-0100BB992757}.Debug|x64.Build.0 = Debug
		{847BA45C-6BD5-4E6B-97EA-0100BB992757}.Release|Any CPU.ActiveCfg = Release
		{847BA45C-6BD5-4E6B-97EA-0100BB992757}.Release|Any CPU.Build.0 = Release
		{847BA45C-6BD5-4E6B-97EA-0100BB992757}.Release|x64.ActiveCfg = Release
		{847BA45C-6BD5-4E6B-97EA-0100BB992757}.Release|x64.Build.0 = Release
	EndGlobalSection
	GlobalSection(SolutionProperties) = preSolution
		HideSolutionNode = FALSE
	EndGlobalSection
	GlobalSection(ExtensibilityGlobals) = postSolution
		SolutionGuid = {D3DF1E64-09EA-45DF-BDEF-665A5689DC5E}
	EndGlobalSection
EndGlobal
